
Microsoft Visual Studio Solution File, Format Version 12.00
# Visual Studio Version 17
VisualStudioVersion = 17.3.32819.101
MinimumVisualStudioVersion = 10.0.40219.1
Project("{9A19103F-16F7-4668-BE54-9A1E7A4F7556}") = "Restaurant", "Restaurant\Restaurant.csproj", "{A970E3C7-564A-424A-B17F-1037AC82DB58}"
EndProject
Project("{FAE04EC0-301F-11D3-BF4B-00C04F79EFBC}") = "Restaurant.Services.Identity", "Restaurant.Services.Identity\Restaurant.Services.Identity.csproj", "{DD4ABC3A-162D-4973-9217-3CAFB6730D06}"
EndProject
Global
	GlobalSection(SolutionConfigurationPlatforms) = preSolution
		Debug|Any CPU = Debug|Any CPU
		Release|Any CPU = Release|Any CPU
	EndGlobalSection
	GlobalSection(ProjectConfigurationPlatforms) = postSolution
		{A970E3C7-564A-424A-B17F-1037AC82DB58}.Debug|Any CPU.ActiveCfg = Debug|Any CPU
		{A970E3C7-564A-424A-B17F-1037AC82DB58}.Debug|Any CPU.Build.0 = Debug|Any CPU
		{A970E3C7-564A-424A-B17F-1037AC82DB58}.Release|Any CPU.ActiveCfg = Release|Any CPU
		{A970E3C7-564A-424A-B17F-1037AC82DB58}.Release|Any CPU.Build.0 = Release|Any CPU
		{DD4ABC3A-162D-4973-9217-3CAFB6730D06}.Debug|Any CPU.ActiveCfg = Debug|Any CPU
		{DD4ABC3A-162D-4973-9217-3CAFB6730D06}.Debug|Any CPU.Build.0 = Debug|Any CPU
		{DD4ABC3A-162D-4973-9217-3CAFB6730D06}.Release|Any CPU.ActiveCfg = Release|Any CPU
		{DD4ABC3A-162D-4973-9217-3CAFB6730D06}.Release|Any CPU.Build.0 = Release|Any CPU
	EndGlobalSection
	GlobalSection(SolutionProperties) = preSolution
		HideSolutionNode = FALSE
	EndGlobalSection
	GlobalSection(ExtensibilityGlobals) = postSolution
		SolutionGuid = {220430C6-6146-4BD0-B7C3-E077C1BBF6F8}
	EndGlobalSection
EndGlobal
